
Microsoft Visual Studio Solution File, Format Version 12.00
# Visual Studio 15
VisualStudioVersion = 15.0.27130.2027
MinimumVisualStudioVersion = 10.0.40219.1
Project("{FAE04EC0-301F-11D3-BF4B-00C04F79EFBC}") = "AssaltCubeGameHack", "AssaltCubeGameHack\AssaltCubeGameHack.csproj", "{8E1A7A35-7B30-4EDD-B762-4F45DB2EE457}"
EndProject
Global
	GlobalSection(SolutionConfigurationPlatforms) = preSolution
		Debug|Any CPU = Debug|Any CPU
		Release|Any CPU = Release|Any CPU
	EndGlobalSection
	GlobalSection(ProjectConfigurationPlatforms) = postSolution
		{8E1A7A35-7B30-4EDD-B762-4F45DB2EE457}.Debug|Any CPU.ActiveCfg = Debug|Any CPU
		{8E1A7A35-7B30-4EDD-B762-4F45DB2EE457}.Debug|Any CPU.Build.0 = Debug|Any CPU
		{8E1A7A35-7B30-4EDD-B762-4F45DB2EE457}.Release|Any CPU.ActiveCfg = Release|Any CPU
		{8E1A7A35-7B30-4EDD-B762-4F45DB2EE457}.Release|Any CPU.Build.0 = Release|Any CPU
	EndGlobalSection
	GlobalSection(SolutionProperties) = preSolution
		HideSolutionNode = FALSE
	EndGlobalSection
	GlobalSection(ExtensibilityGlobals) = postSolution
		SolutionGuid = {96898AB6-6769-42F4-A91C-0E6A710A9B5A}
	EndGlobalSection
EndGlobal
